
Microsoft Visual Studio Solution File, Format Version 12.00
# Visual Studio Version 17
VisualStudioVersion = 17.1.32210.238
MinimumVisualStudioVersion = 10.0.40219.1
Project("{9A19103F-16F7-4668-BE54-9A1E7A4F7556}") = "MyLaptopShop.Program", "MyLaptopShop.Program\MyLaptopShop.Program.csproj", "{E0D0F7A0-4A0A-45B6-A333-2EB5C58FCF50}"
EndProject
Project("{9A19103F-16F7-4668-BE54-9A1E7A4F7556}") = "MyLaptopShop.Data", "MyLaptopShop.Data\MyLaptopShop.Data.csproj", "{AC554C8B-33F2-4EDD-B7D1-8A6E32552D46}"
EndProject
Project("{9A19103F-16F7-4668-BE54-9A1E7A4F7556}") = "MyLaptopShop.Logic", "MyLaptopShop.Logic\MyLaptopShop.Logic.csproj", "{3EE8E414-06E2-48B0-A2E7-B02064D718EE}"
EndProject
Project("{9A19103F-16F7-4668-BE54-9A1E7A4F7556}") = "MyLaptopShop.Repository", "MyLaptopShop.Repository\MyLaptopShop.Repository.csproj", "{19D401DC-83E5-462B-8431-2713B61F3A95}"
EndProject
Project("{9A19103F-16F7-4668-BE54-9A1E7A4F7556}") = "MyLaptopShop.Logic.Tests", "MyLaptopShop.Logic.Tests\MyLaptopShop.Logic.Tests.csproj", "{937D9BC2-ADA3-4724-AD6B-70E392BB70B8}"
EndProject
Project("{9A19103F-16F7-4668-BE54-9A1E7A4F7556}") = "MyLaptopShop.Endpoint", "MyLaptopShop.Endpoint\MyLaptopShop.Endpoint.csproj", "{C3A3BAC3-618A-4FDD-84A3-185FAD0D7AD6}"
EndProject
Project("{9A19103F-16F7-4668-BE54-9A1E7A4F7556}") = "MyLaptopShop.WpfClient", "MyLaptopShop.WpfClient\MyLaptopShop.WpfClient.csproj", "{7E93E594-7D43-4F33-A729-8EFB3D74FD47}"
EndProject
Project("{FAE04EC0-301F-11D3-BF4B-00C04F79EFBC}") = "MyLaptopShop.JSClient", "MyLaptopShop.JSClient\MyLaptopShop.JSClient.csproj", "{7FF48825-08C2-478A-9BBC-DA361B710CCF}"
EndProject
Global
	GlobalSection(SolutionConfigurationPlatforms) = preSolution
		Debug|Any CPU = Debug|Any CPU
		Release|Any CPU = Release|Any CPU
	EndGlobalSection
	GlobalSection(ProjectConfigurationPlatforms) = postSolution
		{E0D0F7A0-4A0A-45B6-A333-2EB5C58FCF50}.Debug|Any CPU.ActiveCfg = Debug|Any CPU
		{E0D0F7A0-4A0A-45B6-A333-2EB5C58FCF50}.Debug|Any CPU.Build.0 = Debug|Any CPU
		{E0D0F7A0-4A0A-45B6-A333-2EB5C58FCF50}.Release|Any CPU.ActiveCfg = Release|Any CPU
		{E0D0F7A0-4A0A-45B6-A333-2EB5C58FCF50}.Release|Any CPU.Build.0 = Release|Any CPU
		{AC554C8B-33F2-4EDD-B7D1-8A6E32552D46}.Debug|Any CPU.ActiveCfg = Debug|Any CPU
		{AC554C8B-33F2-4EDD-B7D1-8A6E32552D46}.Debug|Any CPU.Build.0 = Debug|Any CPU
		{AC554C8B-33F2-4EDD-B7D1-8A6E32552D46}.Release|Any CPU.ActiveCfg = Release|Any CPU
		{AC554C8B-33F2-4EDD-B7D1-8A6E32552D46}.Release|Any CPU.Build.0 = Release|Any CPU
		{3EE8E414-06E2-48B0-A2E7-B02064D718EE}.Debug|Any CPU.ActiveCfg = Debug|Any CPU
		{3EE8E414-06E2-48B0-A2E7-B02064D718EE}.Debug|Any CPU.Build.0 = Debug|Any CPU
		{3EE8E414-06E2-48B0-A2E7-B02064D718EE}.Release|Any CPU.ActiveCfg = Release|Any CPU
		{3EE8E414-06E2-48B0-A2E7-B02064D718EE}.Release|Any CPU.Build.0 = Release|Any CPU
		{19D401DC-83E5-462B-8431-2713B61F3A95}.Debug|Any CPU.ActiveCfg = Debug|Any CPU
		{19D401DC-83E5-462B-8431-2713B61F3A95}.Debug|Any CPU.Build.0 = Debug|Any CPU
		{19D401DC-83E5-462B-8431-2713B61F3A95}.Release|Any CPU.ActiveCfg = Release|Any CPU
		{19D401DC-83E5-462B-8431-2713B61F3A95}.Release|Any CPU.Build.0 = Release|Any CPU
		{937D9BC2-ADA3-4724-AD6B-70E392BB70B8}.Debug|Any CPU.ActiveCfg = Debug|Any CPU
		{937D9BC2-ADA3-4724-AD6B-70E392BB70B8}.Debug|Any CPU.Build.0 = Debug|Any CPU
		{937D9BC2-ADA3-4724-AD6B-70E392BB70B8}.Release|Any CPU.ActiveCfg = Release|Any CPU
		{937D9BC2-ADA3-4724-AD6B-70E392BB70B8}.Release|Any CPU.Build.0 = Release|Any CPU
		{C3A3BAC3-618A-4FDD-84A3-185FAD0D7AD6}.Debug|Any CPU.ActiveCfg = Debug|Any CPU
		{C3A3BAC3-618A-4FDD-84A3-185FAD0D7AD6}.Debug|Any CPU.Build.0 = Debug|Any CPU
		{C3A3BAC3-618A-4FDD-84A3-185FAD0D7AD6}.Release|Any CPU.ActiveCfg = Release|Any CPU
		{C3A3BAC3-618A-4FDD-84A3-185FAD0D7AD6}.Release|Any CPU.Build.0 = Release|Any CPU
		{7E93E594-7D43-4F33-A729-8EFB3D74FD47}.Debug|Any CPU.ActiveCfg = Debug|Any CPU
		{7E93E594-7D43-4F33-A729-8EFB3D74FD47}.Debug|Any CPU.Build.0 = Debug|Any CPU
		{7E93E594-7D43-4F33-A729-8EFB3D74FD47}.Release|Any CPU.ActiveCfg = Release|Any CPU
		{7E93E594-7D43-4F33-A729-8EFB3D74FD47}.Release|Any CPU.Build.0 = Release|Any CPU
		{7FF48825-08C2-478A-9BBC-DA361B710CCF}.Debug|Any CPU.ActiveCfg = Debug|Any CPU
		{7FF48825-08C2-478A-9BBC-DA361B710CCF}.Debug|Any CPU.Build.0 = Debug|Any CPU
		{7FF48825-08C2-478A-9BBC-DA361B710CCF}.Release|Any CPU.ActiveCfg = Release|Any CPU
		{7FF48825-08C2-478A-9BBC-DA361B710CCF}.Release|Any CPU.Build.0 = Release|Any CPU
	EndGlobalSection
	GlobalSection(SolutionProperties) = preSolution
		HideSolutionNode = FALSE
	EndGlobalSection
	GlobalSection(ExtensibilityGlobals) = postSolution
		SolutionGuid = {3D26A63B-9DD7-489F-8436-657FAC2236B7}
	EndGlobalSection
EndGlobal
